
Microsoft Visual Studio Solution File, Format Version 12.00
# Visual Studio Version 16
VisualStudioVersion = 25.0.1705.0
MinimumVisualStudioVersion = 10.0.40219.1
Project("{FAE04EC0-301F-11D3-BF4B-00C04F79EFBC}") = "array_project", "array_project.csproj", "{72B7851F-3FD0-4137-B886-24E71137F71F}"
EndProject
Global
	GlobalSection(SolutionConfigurationPlatforms) = preSolution
		Debug|Any CPU = Debug|Any CPU
		Release|Any CPU = Release|Any CPU
	EndGlobalSection
	GlobalSection(ProjectConfigurationPlatforms) = postSolution
		{72B7851F-3FD0-4137-B886-24E71137F71F}.Debug|Any CPU.ActiveCfg = Debug|Any CPU
		{72B7851F-3FD0-4137-B886-24E71137F71F}.Debug|Any CPU.Build.0 = Debug|Any CPU
		{72B7851F-3FD0-4137-B886-24E71137F71F}.Release|Any CPU.ActiveCfg = Release|Any CPU
		{72B7851F-3FD0-4137-B886-24E71137F71F}.Release|Any CPU.Build.0 = Release|Any CPU
	EndGlobalSection
	GlobalSection(SolutionProperties) = preSolution
		HideSolutionNode = FALSE
	EndGlobalSection
	GlobalSection(ExtensibilityGlobals) = postSolution
		SolutionGuid = {F5CEE44D-1567-4C4E-AF40-CBEEB40A920D}
	EndGlobalSection
EndGlobal
